
Microsoft Visual Studio Solution File, Format Version 12.00
# Visual Studio 14
VisualStudioVersion = 14.0.25420.1
MinimumVisualStudioVersion = 10.0.40219.1
Project("{FAE04EC0-301F-11D3-BF4B-00C04F79EFBC}") = "Jalousie", "Jalousie\Jalousie.csproj", "{9DFCE3BA-23E4-4D20-8568-6BA2287E4715}"
EndProject
Project("{FAE04EC0-301F-11D3-BF4B-00C04F79EFBC}") = "Calculator", "Calculator\Calculator.csproj", "{24796236-0A81-4538-A9AB-5857262DD983}"
EndProject
Project("{FAE04EC0-301F-11D3-BF4B-00C04F79EFBC}") = "Illustratiom", "Illustratiom\Illustratiom.csproj", "{A763D476-911C-47ED-9562-0CA5DF378699}"
EndProject
Global
	GlobalSection(SolutionConfigurationPlatforms) = preSolution
		Debug|Any CPU = Debug|Any CPU
		Release|Any CPU = Release|Any CPU
	EndGlobalSection
	GlobalSection(ProjectConfigurationPlatforms) = postSolution
		{9DFCE3BA-23E4-4D20-8568-6BA2287E4715}.Debug|Any CPU.ActiveCfg = Debug|Any CPU
		{9DFCE3BA-23E4-4D20-8568-6BA2287E4715}.Debug|Any CPU.Build.0 = Debug|Any CPU
		{9DFCE3BA-23E4-4D20-8568-6BA2287E4715}.Release|Any CPU.ActiveCfg = Release|Any CPU
		{9DFCE3BA-23E4-4D20-8568-6BA2287E4715}.Release|Any CPU.Build.0 = Release|Any CPU
		{24796236-0A81-4538-A9AB-5857262DD983}.Debug|Any CPU.ActiveCfg = Debug|Any CPU
		{24796236-0A81-4538-A9AB-5857262DD983}.Debug|Any CPU.Build.0 = Debug|Any CPU
		{24796236-0A81-4538-A9AB-5857262DD983}.Release|Any CPU.ActiveCfg = Release|Any CPU
		{24796236-0A81-4538-A9AB-5857262DD983}.Release|Any CPU.Build.0 = Release|Any CPU
		{A763D476-911C-47ED-9562-0CA5DF378699}.Debug|Any CPU.ActiveCfg = Debug|Any CPU
		{A763D476-911C-47ED-9562-0CA5DF378699}.Debug|Any CPU.Build.0 = Debug|Any CPU
		{A763D476-911C-47ED-9562-0CA5DF378699}.Release|Any CPU.ActiveCfg = Release|Any CPU
		{A763D476-911C-47ED-9562-0CA5DF378699}.Release|Any CPU.Build.0 = Release|Any CPU
	EndGlobalSection
	GlobalSection(SolutionProperties) = preSolution
		HideSolutionNode = FALSE
	EndGlobalSection
EndGlobal
